github.com/nikolaydubina/htmljson v1.1.0 h1:x46gPHNcR1XEFb9anZ4y5nwyJLWwilEQQYSwoUozI9k=
github.com/nikolaydubina/htmljson v1.1.0/go.mod h1:7SfWPbHB2BLKb7O01BiVwjiFjHe9J8R3LMnYlh4/WzU=
golang.org/x/exp v0.0.0-20230315142452-642cacee5cc0 h1:pVgRXcIictcr+lBQIFeiwuwtDIs4eL21OuM9nyAADmo=
golang.org/x/exp v0.0.0-20230315142452-642cacee5cc0/go.mod h1:CxIveKay+FTh1D0yPZemJVgC/95VzuuOLq5Qi4xnoYc=
